
Microsoft Visual Studio Solution File, Format Version 12.00
# Visual Studio Version 17
VisualStudioVersion = 17.7.34221.43
MinimumVisualStudioVersion = 10.0.40219.1
Project("{FAE04EC0-301F-11D3-BF4B-00C04F79EFBC}") = "Personal Finance", "Personal Finance\Personal Finance.csproj", "{DC6462E4-809E-4B20-B974-7716CE6B47F0}"
EndProject
Global
	GlobalSection(SolutionConfigurationPlatforms) = preSolution
		Debug|Any CPU = Debug|Any CPU
		Release|Any CPU = Release|Any CPU
	EndGlobalSection
	GlobalSection(ProjectConfigurationPlatforms) = postSolution
		{DC6462E4-809E-4B20-B974-7716CE6B47F0}.Debug|Any CPU.ActiveCfg = Debug|Any CPU
		{DC6462E4-809E-4B20-B974-7716CE6B47F0}.Debug|Any CPU.Build.0 = Debug|Any CPU
		{DC6462E4-809E-4B20-B974-7716CE6B47F0}.Release|Any CPU.ActiveCfg = Release|Any CPU
		{DC6462E4-809E-4B20-B974-7716CE6B47F0}.Release|Any CPU.Build.0 = Release|Any CPU
	EndGlobalSection
	GlobalSection(SolutionProperties) = preSolution
		HideSolutionNode = FALSE
	EndGlobalSection
	GlobalSection(ExtensibilityGlobals) = postSolution
		SolutionGuid = {68DD1624-967C-42F8-A262-1A3F2DB2C272}
	EndGlobalSection
EndGlobal
